
Microsoft Visual Studio Solution File, Format Version 12.00
# Visual Studio Version 17
VisualStudioVersion = 17.6.33712.159
MinimumVisualStudioVersion = 10.0.40219.1
Project("{FAE04EC0-301F-11D3-BF4B-00C04F79EFBC}") = "ThirdPartyAPIIntegrationRestSharpCRUD", "ThirdPartyAPIIntegrationRestSharpCRUD.csproj", "{69667202-6B8B-4361-8E2D-44A6448BADEA}"
EndProject
Global
	GlobalSection(SolutionConfigurationPlatforms) = preSolution
		Debug|Any CPU = Debug|Any CPU
		Release|Any CPU = Release|Any CPU
	EndGlobalSection
	GlobalSection(ProjectConfigurationPlatforms) = postSolution
		{69667202-6B8B-4361-8E2D-44A6448BADEA}.Debug|Any CPU.ActiveCfg = Debug|Any CPU
		{69667202-6B8B-4361-8E2D-44A6448BADEA}.Debug|Any CPU.Build.0 = Debug|Any CPU
		{69667202-6B8B-4361-8E2D-44A6448BADEA}.Release|Any CPU.ActiveCfg = Release|Any CPU
		{69667202-6B8B-4361-8E2D-44A6448BADEA}.Release|Any CPU.Build.0 = Release|Any CPU
	EndGlobalSection
	GlobalSection(SolutionProperties) = preSolution
		HideSolutionNode = FALSE
	EndGlobalSection
	GlobalSection(ExtensibilityGlobals) = postSolution
		SolutionGuid = {783A3ED9-A306-4035-9285-D642B8D6B9CD}
	EndGlobalSection
EndGlobal
